
Microsoft Visual Studio Solution File, Format Version 12.00
# Visual Studio Version 17
VisualStudioVersion = 17.0.31903.59
MinimumVisualStudioVersion = 10.0.40219.1
Project("{2150E333-8FDC-42A3-9474-1A3956D46DE8}") = "src", "src", "{827E0CD3-B72D-47B6-A68D-7590B98EB39B}"
EndProject
Project("{FAE04EC0-301F-11D3-BF4B-00C04F79EFBC}") = "AsyncResponse.Abstractions", "src\AsyncResponse.Abstractions\AsyncResponse.Abstractions.csproj", "{0D40490C-1925-4DC5-A008-92198305F042}"
EndProject
Project("{FAE04EC0-301F-11D3-BF4B-00C04F79EFBC}") = "AsyncResponse.Core", "src\AsyncResponse.Core\AsyncResponse.Core.csproj", "{4D02F64C-28C8-42BA-8085-8A6F22602646}"
EndProject
Project("{FAE04EC0-301F-11D3-BF4B-00C04F79EFBC}") = "AsyncResponse.Channels.Redis", "src\Channels\AsyncResponse.Channels.Redis\AsyncResponse.Channels.Redis.csproj", "{88884076-C424-41DF-A603-4E8444E44F0D}"
EndProject
Project("{2150E333-8FDC-42A3-9474-1A3956D46DE8}") = "tests", "tests", "{0AB3BF05-4346-4AA6-1389-037BE0695223}"
EndProject
Project("{FAE04EC0-301F-11D3-BF4B-00C04F79EFBC}") = "AsyncResponse.Tests", "tests\AsyncResponse.Tests\AsyncResponse.Tests.csproj", "{C321C080-0397-43C0-A981-067DE43A8D08}"
EndProject
Project("{2150E333-8FDC-42A3-9474-1A3956D46DE8}") = "samples", "samples", "{5D20AA90-6969-D8BD-9DCD-8634F4692FDA}"
EndProject
Project("{FAE04EC0-301F-11D3-BF4B-00C04F79EFBC}") = "AsyncResponse.Sample", "samples\AsyncResponse.Sample\AsyncResponse.Sample.csproj", "{B468B781-2033-4D2C-8A85-E679902F3599}"
EndProject
Project("{FAE04EC0-301F-11D3-BF4B-00C04F79EFBC}") = "AsyncResponse.Transports.GooglePubSub", "src\Transports\AsyncResponse.Transports.GooglePubSub\AsyncResponse.Transports.GooglePubSub.csproj", "{CAC5848E-FE27-46C3-9D25-AEE0A5C173F5}"
EndProject
Project("{FAE04EC0-301F-11D3-BF4B-00C04F79EFBC}") = "AsyncResponse.AppHost", "samples\AsyncResponse.AppHost\AsyncResponse.AppHost.csproj", "{2D5D80E3-9339-4507-8761-F95BC15C6BA5}"
EndProject
Project("{FAE04EC0-301F-11D3-BF4B-00C04F79EFBC}") = "AsyncResponse.ServiceDefaults", "samples\AsyncResponse.ServiceDefaults\AsyncResponse.ServiceDefaults.csproj", "{60E615BE-B659-4151-86D5-59F51AC19A8A}"
EndProject
Project("{FAE04EC0-301F-11D3-BF4B-00C04F79EFBC}") = "AsyncResponse.IntegrationTests", "tests\AsyncResponse.IntegrationTests\AsyncResponse.IntegrationTests.csproj", "{1CD82039-2137-4F6C-BA0F-9C99190DD85C}"
EndProject
Project("{2150E333-8FDC-42A3-9474-1A3956D46DE8}") = "benchmarks", "benchmarks", "{66320409-64EC-F7C5-3DEF-65E7510DAAD1}"
EndProject
Project("{FAE04EC0-301F-11D3-BF4B-00C04F79EFBC}") = "AsyncResponse.Benchmarks", "benchmarks\AsyncResponse.Benchmarks\AsyncResponse.Benchmarks.csproj", "{7ABBF3C6-A802-4D0C-9D6B-0BE6159783AA}"
EndProject
Project("{FAE04EC0-301F-11D3-BF4B-00C04F79EFBC}") = "AsyncResponse.LoadTests", "benchmarks\AsyncResponse.LoadTests\AsyncResponse.LoadTests.csproj", "{5C685573-7900-4FAE-8AD1-A15A535B5454}"
EndProject
Project("{FAE04EC0-301F-11D3-BF4B-00C04F79EFBC}") = "AsyncResponse.Transports.RabbitMQ", "src\Transports\AsyncResponse.Transports.RabbitMQ\AsyncResponse.Transports.RabbitMQ.csproj", "{F94A51B3-E5F6-4B60-80D9-DDA1309814C8}"
EndProject
Project("{FAE04EC0-301F-11D3-BF4B-00C04F79EFBC}") = "AsyncResponse.Transports.Redis", "src\Transports\AsyncResponse.Transports.Redis\AsyncResponse.Transports.Redis.csproj", "{6D8F0646-4EB6-4ED8-B026-A4FBBC7C0C4D}"
EndProject
Project("{FAE04EC0-301F-11D3-BF4B-00C04F79EFBC}") = "AsyncResponse.Channels.NATS", "src\Channels\AsyncResponse.Channels.NATS\AsyncResponse.Channels.NATS.csproj", "{F1FA358E-AFA4-4FE4-A0C6-8588D33B30F4}"
EndProject
Project("{FAE04EC0-301F-11D3-BF4B-00C04F79EFBC}") = "AsyncResponse.Transports.NATS", "src\Transports\AsyncResponse.Transports.NATS\AsyncResponse.Transports.NATS.csproj", "{3BE05289-31FB-445B-8FA3-AA59235E0759}"
EndProject
Project("{FAE04EC0-301F-11D3-BF4B-00C04F79EFBC}") = "AsyncResponse.Channels.PostgreSQL", "src\Channels\AsyncResponse.Channels.PostgreSQL\AsyncResponse.Channels.PostgreSQL.csproj", "{09B1683D-D97F-4BA6-8DA3-59D69DA57B8A}"
EndProject
Project("{FAE04EC0-301F-11D3-BF4B-00C04F79EFBC}") = "AsyncResponse.Transports.PostgreSQL", "src\Transports\AsyncResponse.Transports.PostgreSQL\AsyncResponse.Transports.PostgreSQL.csproj", "{3559C5CF-DBE4-44B5-884F-D1BCE2826886}"
EndProject
Project("{FAE04EC0-301F-11D3-BF4B-00C04F79EFBC}") = "AsyncResponse.Transports.AzureServiceBus", "src\Transports\AsyncResponse.Transports.AzureServiceBus\AsyncResponse.Transports.AzureServiceBus.csproj", "{E6764D9A-8B89-4C5B-A590-2ACEB21C1B65}"
EndProject
Project("{FAE04EC0-301F-11D3-BF4B-00C04F79EFBC}") = "AsyncResponse.Transports.Kafka", "src\Transports\AsyncResponse.Transports.Kafka\AsyncResponse.Transports.Kafka.csproj", "{C2B92AE7-7008-4DE4-8B6A-99829D4546C9}"
EndProject
Project("{FAE04EC0-301F-11D3-BF4B-00C04F79EFBC}") = "AsyncResponse.Transports.SqlServer", "src\Transports\AsyncResponse.Transports.SqlServer\AsyncResponse.Transports.SqlServer.csproj", "{691DA81B-C7F5-4428-82ED-6889FC375B20}"
EndProject
Project("{FAE04EC0-301F-11D3-BF4B-00C04F79EFBC}") = "AsyncResponse.Channels.SqlServer", "src\Channels\AsyncResponse.Channels.SqlServer\AsyncResponse.Channels.SqlServer.csproj", "{9BD34B3C-4E0F-48D9-95DF-9AD468759064}"
EndProject
Project("{FAE04EC0-301F-11D3-BF4B-00C04F79EFBC}") = "AsyncResponse.Transports.SQS", "src\Transports\AsyncResponse.Transports.SQS\AsyncResponse.Transports.SQS.csproj", "{1B9E218C-B433-46B1-9AB1-D0522DE99F78}"
EndProject
Project("{FAE04EC0-301F-11D3-BF4B-00C04F79EFBC}") = "AsyncResponse.DurableFlows.SqlServer", "src\DurableFlows\AsyncResponse.DurableFlows.SqlServer\AsyncResponse.DurableFlows.SqlServer.csproj", "{74ED204D-C567-4A2A-BBF4-379FD6649161}"
EndProject
Project("{FAE04EC0-301F-11D3-BF4B-00C04F79EFBC}") = "AsyncResponse.DurableFlows.PostgreSQL", "src\DurableFlows\AsyncResponse.DurableFlows.PostgreSQL\AsyncResponse.DurableFlows.PostgreSQL.csproj", "{87EE073D-8097-4E2B-A7DD-E92F0CB53D92}"
EndProject
Project("{FAE04EC0-301F-11D3-BF4B-00C04F79EFBC}") = "AsyncResponse.DurableFlows.MySql", "src\DurableFlows\AsyncResponse.DurableFlows.MySql\AsyncResponse.DurableFlows.MySql.csproj", "{04DD7B2A-BCCE-4F95-B14B-27EFB4C5278E}"
EndProject
Project("{FAE04EC0-301F-11D3-BF4B-00C04F79EFBC}") = "AsyncResponse.DurableFlows.Sqlite", "src\DurableFlows\AsyncResponse.DurableFlows.Sqlite\AsyncResponse.DurableFlows.Sqlite.csproj", "{9198FB19-EAB1-4F88-B704-538F036471F5}"
EndProject
Project("{FAE04EC0-301F-11D3-BF4B-00C04F79EFBC}") = "AsyncResponse.DurableFlows.Oracle", "src\DurableFlows\AsyncResponse.DurableFlows.Oracle\AsyncResponse.DurableFlows.Oracle.csproj", "{5488ABD9-F91A-4234-96F8-7AEA2CC77B0E}"
EndProject
Project("{FAE04EC0-301F-11D3-BF4B-00C04F79EFBC}") = "AsyncResponse.DurableFlows.MongoDB", "src\DurableFlows\AsyncResponse.DurableFlows.MongoDB\AsyncResponse.DurableFlows.MongoDB.csproj", "{E7F858C0-C716-4DDB-A797-CF80FE663F67}"
EndProject
Project("{FAE04EC0-301F-11D3-BF4B-00C04F79EFBC}") = "AsyncResponse.DurableFlows.Cosmos", "src\DurableFlows\AsyncResponse.DurableFlows.Cosmos\AsyncResponse.DurableFlows.Cosmos.csproj", "{9A4C5A46-55BB-4A3C-969A-1BF1322D6657}"
EndProject
Project("{FAE04EC0-301F-11D3-BF4B-00C04F79EFBC}") = "AsyncResponse.DurableFlows.DynamoDB", "src\DurableFlows\AsyncResponse.DurableFlows.DynamoDB\AsyncResponse.DurableFlows.DynamoDB.csproj", "{D8B51C7C-018B-4A98-908D-3FDE7051C9AE}"
EndProject
Project("{FAE04EC0-301F-11D3-BF4B-00C04F79EFBC}") = "AsyncResponse.DurableFlows.EFCore", "src\DurableFlows\AsyncResponse.DurableFlows.EFCore\AsyncResponse.DurableFlows.EFCore.csproj", "{AB07D2C9-95AE-4D1F-8BC1-D7F7D120D73F}"
EndProject
Project("{FAE04EC0-301F-11D3-BF4B-00C04F79EFBC}") = "AsyncResponse.Channels.MongoDB", "src\Channels\AsyncResponse.Channels.MongoDB\AsyncResponse.Channels.MongoDB.csproj", "{9721F447-C648-496E-8560-676CBA7322DB}"
EndProject
Project("{FAE04EC0-301F-11D3-BF4B-00C04F79EFBC}") = "AsyncResponse.Transports.MongoDB", "src\Transports\AsyncResponse.Transports.MongoDB\AsyncResponse.Transports.MongoDB.csproj", "{CEF207E8-930D-4D69-BF1C-D2634BFDBF03}"
EndProject
Global
	GlobalSection(SolutionConfigurationPlatforms) = preSolution
		Debug|Any CPU = Debug|Any CPU
		Debug|x64 = Debug|x64
		Debug|x86 = Debug|x86
		Release|Any CPU = Release|Any CPU
		Release|x64 = Release|x64
		Release|x86 = Release|x86
	EndGlobalSection
	GlobalSection(ProjectConfigurationPlatforms) = postSolution
		{0D40490C-1925-4DC5-A008-92198305F042}.Debug|Any CPU.ActiveCfg = Debug|Any CPU
		{0D40490C-1925-4DC5-A008-92198305F042}.Debug|Any CPU.Build.0 = Debug|Any CPU
		{0D40490C-1925-4DC5-A008-92198305F042}.Debug|x64.ActiveCfg = Debug|Any CPU
		{0D40490C-1925-4DC5-A008-92198305F042}.Debug|x64.Build.0 = Debug|Any CPU
		{0D40490C-1925-4DC5-A008-92198305F042}.Debug|x86.ActiveCfg = Debug|Any CPU
		{0D40490C-1925-4DC5-A008-92198305F042}.Debug|x86.Build.0 = Debug|Any CPU
		{0D40490C-1925-4DC5-A008-92198305F042}.Release|Any CPU.ActiveCfg = Release|Any CPU
		{0D40490C-1925-4DC5-A008-92198305F042}.Release|Any CPU.Build.0 = Release|Any CPU
		{0D40490C-1925-4DC5-A008-92198305F042}.Release|x64.ActiveCfg = Release|Any CPU
		{0D40490C-1925-4DC5-A008-92198305F042}.Release|x64.Build.0 = Release|Any CPU
		{0D40490C-1925-4DC5-A008-92198305F042}.Release|x86.ActiveCfg = Release|Any CPU
		{0D40490C-1925-4DC5-A008-92198305F042}.Release|x86.Build.0 = Release|Any CPU
		{4D02F64C-28C8-42BA-8085-8A6F22602646}.Debug|Any CPU.ActiveCfg = Debug|Any CPU
		{4D02F64C-28C8-42BA-8085-8A6F22602646}.Debug|Any CPU.Build.0 = Debug|Any CPU
		{4D02F64C-28C8-42BA-8085-8A6F22602646}.Debug|x64.ActiveCfg = Debug|Any CPU
		{4D02F64C-28C8-42BA-8085-8A6F22602646}.Debug|x64.Build.0 = Debug|Any CPU
		{4D02F64C-28C8-42BA-8085-8A6F22602646}.Debug|x86.ActiveCfg = Debug|Any CPU
		{4D02F64C-28C8-42BA-8085-8A6F22602646}.Debug|x86.Build.0 = Debug|Any CPU
		{4D02F64C-28C8-42BA-8085-8A6F22602646}.Release|Any CPU.ActiveCfg = Release|Any CPU
		{4D02F64C-28C8-42BA-8085-8A6F22602646}.Release|Any CPU.Build.0 = Release|Any CPU
		{4D02F64C-28C8-42BA-8085-8A6F22602646}.Release|x64.ActiveCfg = Release|Any CPU
		{4D02F64C-28C8-42BA-8085-8A6F22602646}.Release|x64.Build.0 = Release|Any CPU
		{4D02F64C-28C8-42BA-8085-8A6F22602646}.Release|x86.ActiveCfg = Release|Any CPU
		{4D02F64C-28C8-42BA-8085-8A6F22602646}.Release|x86.Build.0 = Release|Any CPU
		{88884076-C424-41DF-A603-4E8444E44F0D}.Debug|Any CPU.ActiveCfg = Debug|Any CPU
		{88884076-C424-41DF-A603-4E8444E44F0D}.Debug|Any CPU.Build.0 = Debug|Any CPU
		{88884076-C424-41DF-A603-4E8444E44F0D}.Debug|x64.ActiveCfg = Debug|Any CPU
		{88884076-C424-41DF-A603-4E8444E44F0D}.Debug|x64.Build.0 = Debug|Any CPU
		{88884076-C424-41DF-A603-4E8444E44F0D}.Debug|x86.ActiveCfg = Debug|Any CPU
		{88884076-C424-41DF-A603-4E8444E44F0D}.Debug|x86.Build.0 = Debug|Any CPU
		{88884076-C424-41DF-A603-4E8444E44F0D}.Release|Any CPU.ActiveCfg = Release|Any CPU
		{88884076-C424-41DF-A603-4E8444E44F0D}.Release|Any CPU.Build.0 = Release|Any CPU
		{88884076-C424-41DF-A603-4E8444E44F0D}.Release|x64.ActiveCfg = Release|Any CPU
		{88884076-C424-41DF-A603-4E8444E44F0D}.Release|x64.Build.0 = Release|Any CPU
		{88884076-C424-41DF-A603-4E8444E44F0D}.Release|x86.ActiveCfg = Release|Any CPU
		{88884076-C424-41DF-A603-4E8444E44F0D}.Release|x86.Build.0 = Release|Any CPU
		{C321C080-0397-43C0-A981-067DE43A8D08}.Debug|Any CPU.ActiveCfg = Debug|Any CPU
		{C321C080-0397-43C0-A981-067DE43A8D08}.Debug|Any CPU.Build.0 = Debug|Any CPU
		{C321C080-0397-43C0-A981-067DE43A8D08}.Debug|x64.ActiveCfg = Debug|Any CPU
		{C321C080-0397-43C0-A981-067DE43A8D08}.Debug|x64.Build.0 = Debug|Any CPU
		{C321C080-0397-43C0-A981-067DE43A8D08}.Debug|x86.ActiveCfg = Debug|Any CPU
		{C321C080-0397-43C0-A981-067DE43A8D08}.Debug|x86.Build.0 = Debug|Any CPU
		{C321C080-0397-43C0-A981-067DE43A8D08}.Release|Any CPU.ActiveCfg = Release|Any CPU
		{C321C080-0397-43C0-A981-067DE43A8D08}.Release|Any CPU.Build.0 = Release|Any CPU
		{C321C080-0397-43C0-A981-067DE43A8D08}.Release|x64.ActiveCfg = Release|Any CPU
		{C321C080-0397-43C0-A981-067DE43A8D08}.Release|x64.Build.0 = Release|Any CPU
		{C321C080-0397-43C0-A981-067DE43A8D08}.Release|x86.ActiveCfg = Release|Any CPU
		{C321C080-0397-43C0-A981-067DE43A8D08}.Release|x86.Build.0 = Release|Any CPU
		{B468B781-2033-4D2C-8A85-E679902F3599}.Debug|Any CPU.ActiveCfg = Debug|Any CPU
		{B468B781-2033-4D2C-8A85-E679902F3599}.Debug|Any CPU.Build.0 = Debug|Any CPU
		{B468B781-2033-4D2C-8A85-E679902F3599}.Debug|x64.ActiveCfg = Debug|Any CPU
		{B468B781-2033-4D2C-8A85-E679902F3599}.Debug|x64.Build.0 = Debug|Any CPU
		{B468B781-2033-4D2C-8A85-E679902F3599}.Debug|x86.ActiveCfg = Debug|Any CPU
		{B468B781-2033-4D2C-8A85-E679902F3599}.Debug|x86.Build.0 = Debug|Any CPU
		{B468B781-2033-4D2C-8A85-E679902F3599}.Release|Any CPU.ActiveCfg = Release|Any CPU
		{B468B781-2033-4D2C-8A85-E679902F3599}.Release|Any CPU.Build.0 = Release|Any CPU
		{B468B781-2033-4D2C-8A85-E679902F3599}.Release|x64.ActiveCfg = Release|Any CPU
		{B468B781-2033-4D2C-8A85-E679902F3599}.Release|x64.Build.0 = Release|Any CPU
		{B468B781-2033-4D2C-8A85-E679902F3599}.Release|x86.ActiveCfg = Release|Any CPU
		{B468B781-2033-4D2C-8A85-E679902F3599}.Release|x86.Build.0 = Release|Any CPU
		{CAC5848E-FE27-46C3-9D25-AEE0A5C173F5}.Debug|Any CPU.ActiveCfg = Debug|Any CPU
		{CAC5848E-FE27-46C3-9D25-AEE0A5C173F5}.Debug|Any CPU.Build.0 = Debug|Any CPU
		{CAC5848E-FE27-46C3-9D25-AEE0A5C173F5}.Debug|x64.ActiveCfg = Debug|Any CPU
		{CAC5848E-FE27-46C3-9D25-AEE0A5C173F5}.Debug|x64.Build.0 = Debug|Any CPU
		{CAC5848E-FE27-46C3-9D25-AEE0A5C173F5}.Debug|x86.ActiveCfg = Debug|Any CPU
		{CAC5848E-FE27-46C3-9D25-AEE0A5C173F5}.Debug|x86.Build.0 = Debug|Any CPU
		{CAC5848E-FE27-46C3-9D25-AEE0A5C173F5}.Release|Any CPU.ActiveCfg = Release|Any CPU
		{CAC5848E-FE27-46C3-9D25-AEE0A5C173F5}.Release|Any CPU.Build.0 = Release|Any CPU
		{CAC5848E-FE27-46C3-9D25-AEE0A5C173F5}.Release|x64.ActiveCfg = Release|Any CPU
		{CAC5848E-FE27-46C3-9D25-AEE0A5C173F5}.Release|x64.Build.0 = Release|Any CPU
		{CAC5848E-FE27-46C3-9D25-AEE0A5C173F5}.Release|x86.ActiveCfg = Release|Any CPU
		{CAC5848E-FE27-46C3-9D25-AEE0A5C173F5}.Release|x86.Build.0 = Release|Any CPU
		{2D5D80E3-9339-4507-8761-F95BC15C6BA5}.Debug|Any CPU.ActiveCfg = Debug|Any CPU
		{2D5D80E3-9339-4507-8761-F95BC15C6BA5}.Debug|Any CPU.Build.0 = Debug|Any CPU
		{2D5D80E3-9339-4507-8761-F95BC15C6BA5}.Debug|x64.ActiveCfg = Debug|Any CPU
		{2D5D80E3-9339-4507-8761-F95BC15C6BA5}.Debug|x64.Build.0 = Debug|Any CPU
		{2D5D80E3-9339-4507-8761-F95BC15C6BA5}.Debug|x86.ActiveCfg = Debug|Any CPU
		{2D5D80E3-9339-4507-8761-F95BC15C6BA5}.Debug|x86.Build.0 = Debug|Any CPU
		{2D5D80E3-9339-4507-8761-F95BC15C6BA5}.Release|Any CPU.ActiveCfg = Release|Any CPU
		{2D5D80E3-9339-4507-8761-F95BC15C6BA5}.Release|Any CPU.Build.0 = Release|Any CPU
		{2D5D80E3-9339-4507-8761-F95BC15C6BA5}.Release|x64.ActiveCfg = Release|Any CPU
		{2D5D80E3-9339-4507-8761-F95BC15C6BA5}.Release|x64.Build.0 = Release|Any CPU
		{2D5D80E3-9339-4507-8761-F95BC15C6BA5}.Release|x86.ActiveCfg = Release|Any CPU
		{2D5D80E3-9339-4507-8761-F95BC15C6BA5}.Release|x86.Build.0 = Release|Any CPU
		{60E615BE-B659-4151-86D5-59F51AC19A8A}.Debug|Any CPU.ActiveCfg = Debug|Any CPU
		{60E615BE-B659-4151-86D5-59F51AC19A8A}.Debug|Any CPU.Build.0 = Debug|Any CPU
		{60E615BE-B659-4151-86D5-59F51AC19A8A}.Debug|x64.ActiveCfg = Debug|Any CPU
		{60E615BE-B659-4151-86D5-59F51AC19A8A}.Debug|x64.Build.0 = Debug|Any CPU
		{60E615BE-B659-4151-86D5-59F51AC19A8A}.Debug|x86.ActiveCfg = Debug|Any CPU
		{60E615BE-B659-4151-86D5-59F51AC19A8A}.Debug|x86.Build.0 = Debug|Any CPU
		{60E615BE-B659-4151-86D5-59F51AC19A8A}.Release|Any CPU.ActiveCfg = Release|Any CPU
		{60E615BE-B659-4151-86D5-59F51AC19A8A}.Release|Any CPU.Build.0 = Release|Any CPU
		{60E615BE-B659-4151-86D5-59F51AC19A8A}.Release|x64.ActiveCfg = Release|Any CPU
		{60E615BE-B659-4151-86D5-59F51AC19A8A}.Release|x64.Build.0 = Release|Any CPU
		{60E615BE-B659-4151-86D5-59F51AC19A8A}.Release|x86.ActiveCfg = Release|Any CPU
		{60E615BE-B659-4151-86D5-59F51AC19A8A}.Release|x86.Build.0 = Release|Any CPU
		{1CD82039-2137-4F6C-BA0F-9C99190DD85C}.Debug|Any CPU.ActiveCfg = Debug|Any CPU
		{1CD82039-2137-4F6C-BA0F-9C99190DD85C}.Debug|Any CPU.Build.0 = Debug|Any CPU
		{1CD82039-2137-4F6C-BA0F-9C99190DD85C}.Debug|x64.ActiveCfg = Debug|Any CPU
		{1CD82039-2137-4F6C-BA0F-9C99190DD85C}.Debug|x64.Build.0 = Debug|Any CPU
		{1CD82039-2137-4F6C-BA0F-9C99190DD85C}.Debug|x86.ActiveCfg = Debug|Any CPU
		{1CD82039-2137-4F6C-BA0F-9C99190DD85C}.Debug|x86.Build.0 = Debug|Any CPU
		{1CD82039-2137-4F6C-BA0F-9C99190DD85C}.Release|Any CPU.ActiveCfg = Release|Any CPU
		{1CD82039-2137-4F6C-BA0F-9C99190DD85C}.Release|Any CPU.Build.0 = Release|Any CPU
		{1CD82039-2137-4F6C-BA0F-9C99190DD85C}.Release|x64.ActiveCfg = Release|Any CPU
		{1CD82039-2137-4F6C-BA0F-9C99190DD85C}.Release|x64.Build.0 = Release|Any CPU
		{1CD82039-2137-4F6C-BA0F-9C99190DD85C}.Release|x86.ActiveCfg = Release|Any CPU
		{1CD82039-2137-4F6C-BA0F-9C99190DD85C}.Release|x86.Build.0 = Release|Any CPU
		{7ABBF3C6-A802-4D0C-9D6B-0BE6159783AA}.Debug|Any CPU.ActiveCfg = Debug|Any CPU
		{7ABBF3C6-A802-4D0C-9D6B-0BE6159783AA}.Debug|Any CPU.Build.0 = Debug|Any CPU
		{7ABBF3C6-A802-4D0C-9D6B-0BE6159783AA}.Debug|x64.ActiveCfg = Debug|Any CPU
		{7ABBF3C6-A802-4D0C-9D6B-0BE6159783AA}.Debug|x64.Build.0 = Debug|Any CPU
		{7ABBF3C6-A802-4D0C-9D6B-0BE6159783AA}.Debug|x86.ActiveCfg = Debug|Any CPU
		{7ABBF3C6-A802-4D0C-9D6B-0BE6159783AA}.Debug|x86.Build.0 = Debug|Any CPU
		{7ABBF3C6-A802-4D0C-9D6B-0BE6159783AA}.Release|Any CPU.ActiveCfg = Release|Any CPU
		{7ABBF3C6-A802-4D0C-9D6B-0BE6159783AA}.Release|Any CPU.Build.0 = Release|Any CPU
		{7ABBF3C6-A802-4D0C-9D6B-0BE6159783AA}.Release|x64.ActiveCfg = Release|Any CPU
		{7ABBF3C6-A802-4D0C-9D6B-0BE6159783AA}.Release|x64.Build.0 = Release|Any CPU
		{7ABBF3C6-A802-4D0C-9D6B-0BE6159783AA}.Release|x86.ActiveCfg = Release|Any CPU
		{7ABBF3C6-A802-4D0C-9D6B-0BE6159783AA}.Release|x86.Build.0 = Release|Any CPU
		{5C685573-7900-4FAE-8AD1-A15A535B5454}.Debug|Any CPU.ActiveCfg = Debug|Any CPU
		{5C685573-7900-4FAE-8AD1-A15A535B5454}.Debug|Any CPU.Build.0 = Debug|Any CPU
		{5C685573-7900-4FAE-8AD1-A15A535B5454}.Debug|x64.ActiveCfg = Debug|Any CPU
		{5C685573-7900-4FAE-8AD1-A15A535B5454}.Debug|x64.Build.0 = Debug|Any CPU
		{5C685573-7900-4FAE-8AD1-A15A535B5454}.Debug|x86.ActiveCfg = Debug|Any CPU
		{5C685573-7900-4FAE-8AD1-A15A535B5454}.Debug|x86.Build.0 = Debug|Any CPU
		{5C685573-7900-4FAE-8AD1-A15A535B5454}.Release|Any CPU.ActiveCfg = Release|Any CPU
		{5C685573-7900-4FAE-8AD1-A15A535B5454}.Release|Any CPU.Build.0 = Release|Any CPU
		{5C685573-7900-4FAE-8AD1-A15A535B5454}.Release|x64.ActiveCfg = Release|Any CPU
		{5C685573-7900-4FAE-8AD1-A15A535B5454}.Release|x64.Build.0 = Release|Any CPU
		{5C685573-7900-4FAE-8AD1-A15A535B5454}.Release|x86.ActiveCfg = Release|Any CPU
		{5C685573-7900-4FAE-8AD1-A15A535B5454}.Release|x86.Build.0 = Release|Any CPU
		{F94A51B3-E5F6-4B60-80D9-DDA1309814C8}.Debug|Any CPU.ActiveCfg = Debug|Any CPU
		{F94A51B3-E5F6-4B60-80D9-DDA1309814C8}.Debug|Any CPU.Build.0 = Debug|Any CPU
		{F94A51B3-E5F6-4B60-80D9-DDA1309814C8}.Debug|x64.ActiveCfg = Debug|Any CPU
		{F94A51B3-E5F6-4B60-80D9-DDA1309814C8}.Debug|x64.Build.0 = Debug|Any CPU
		{F94A51B3-E5F6-4B60-80D9-DDA1309814C8}.Debug|x86.ActiveCfg = Debug|Any CPU
		{F94A51B3-E5F6-4B60-80D9-DDA1309814C8}.Debug|x86.Build.0 = Debug|Any CPU
		{F94A51B3-E5F6-4B60-80D9-DDA1309814C8}.Release|Any CPU.ActiveCfg = Release|Any CPU
		{F94A51B3-E5F6-4B60-80D9-DDA1309814C8}.Release|Any CPU.Build.0 = Release|Any CPU
		{F94A51B3-E5F6-4B60-80D9-DDA1309814C8}.Release|x64.ActiveCfg = Release|Any CPU
		{F94A51B3-E5F6-4B60-80D9-DDA1309814C8}.Release|x64.Build.0 = Release|Any CPU
		{F94A51B3-E5F6-4B60-80D9-DDA1309814C8}.Release|x86.ActiveCfg = Release|Any CPU
		{F94A51B3-E5F6-4B60-80D9-DDA1309814C8}.Release|x86.Build.0 = Release|Any CPU
		{6D8F0646-4EB6-4ED8-B026-A4FBBC7C0C4D}.Debug|Any CPU.ActiveCfg = Debug|Any CPU
		{6D8F0646-4EB6-4ED8-B026-A4FBBC7C0C4D}.Debug|Any CPU.Build.0 = Debug|Any CPU
		{6D8F0646-4EB6-4ED8-B026-A4FBBC7C0C4D}.Debug|x64.ActiveCfg = Debug|Any CPU
		{6D8F0646-4EB6-4ED8-B026-A4FBBC7C0C4D}.Debug|x64.Build.0 = Debug|Any CPU
		{6D8F0646-4EB6-4ED8-B026-A4FBBC7C0C4D}.Debug|x86.ActiveCfg = Debug|Any CPU
		{6D8F0646-4EB6-4ED8-B026-A4FBBC7C0C4D}.Debug|x86.Build.0 = Debug|Any CPU
		{6D8F0646-4EB6-4ED8-B026-A4FBBC7C0C4D}.Release|Any CPU.ActiveCfg = Release|Any CPU
		{6D8F0646-4EB6-4ED8-B026-A4FBBC7C0C4D}.Release|Any CPU.Build.0 = Release|Any CPU
		{6D8F0646-4EB6-4ED8-B026-A4FBBC7C0C4D}.Release|x64.ActiveCfg = Release|Any CPU
		{6D8F0646-4EB6-4ED8-B026-A4FBBC7C0C4D}.Release|x64.Build.0 = Release|Any CPU
		{6D8F0646-4EB6-4ED8-B026-A4FBBC7C0C4D}.Release|x86.ActiveCfg = Release|Any CPU
		{6D8F0646-4EB6-4ED8-B026-A4FBBC7C0C4D}.Release|x86.Build.0 = Release|Any CPU
		{F1FA358E-AFA4-4FE4-A0C6-8588D33B30F4}.Debug|Any CPU.ActiveCfg = Debug|Any CPU
		{F1FA358E-AFA4-4FE4-A0C6-8588D33B30F4}.Debug|Any CPU.Build.0 = Debug|Any CPU
		{F1FA358E-AFA4-4FE4-A0C6-8588D33B30F4}.Debug|x64.ActiveCfg = Debug|Any CPU
		{F1FA358E-AFA4-4FE4-A0C6-8588D33B30F4}.Debug|x64.Build.0 = Debug|Any CPU
		{F1FA358E-AFA4-4FE4-A0C6-8588D33B30F4}.Debug|x86.ActiveCfg = Debug|Any CPU
		{F1FA358E-AFA4-4FE4-A0C6-8588D33B30F4}.Debug|x86.Build.0 = Debug|Any CPU
		{F1FA358E-AFA4-4FE4-A0C6-8588D33B30F4}.Release|Any CPU.ActiveCfg = Release|Any CPU
		{F1FA358E-AFA4-4FE4-A0C6-8588D33B30F4}.Release|Any CPU.Build.0 = Release|Any CPU
		{F1FA358E-AFA4-4FE4-A0C6-8588D33B30F4}.Release|x64.ActiveCfg = Release|Any CPU
		{F1FA358E-AFA4-4FE4-A0C6-8588D33B30F4}.Release|x64.Build.0 = Release|Any CPU
		{F1FA358E-AFA4-4FE4-A0C6-8588D33B30F4}.Release|x86.ActiveCfg = Release|Any CPU
		{F1FA358E-AFA4-4FE4-A0C6-8588D33B30F4}.Release|x86.Build.0 = Release|Any CPU
		{3BE05289-31FB-445B-8FA3-AA59235E0759}.Debug|Any CPU.ActiveCfg = Debug|Any CPU
		{3BE05289-31FB-445B-8FA3-AA59235E0759}.Debug|Any CPU.Build.0 = Debug|Any CPU
		{3BE05289-31FB-445B-8FA3-AA59235E0759}.Debug|x64.ActiveCfg = Debug|Any CPU
		{3BE05289-31FB-445B-8FA3-AA59235E0759}.Debug|x64.Build.0 = Debug|Any CPU
		{3BE05289-31FB-445B-8FA3-AA59235E0759}.Debug|x86.ActiveCfg = Debug|Any CPU
		{3BE05289-31FB-445B-8FA3-AA59235E0759}.Debug|x86.Build.0 = Debug|Any CPU
		{3BE05289-31FB-445B-8FA3-AA59235E0759}.Release|Any CPU.ActiveCfg = Release|Any CPU
		{3BE05289-31FB-445B-8FA3-AA59235E0759}.Release|Any CPU.Build.0 = Release|Any CPU
		{3BE05289-31FB-445B-8FA3-AA59235E0759}.Release|x64.ActiveCfg = Release|Any CPU
		{3BE05289-31FB-445B-8FA3-AA59235E0759}.Release|x64.Build.0 = Release|Any CPU
		{3BE05289-31FB-445B-8FA3-AA59235E0759}.Release|x86.ActiveCfg = Release|Any CPU
		{3BE05289-31FB-445B-8FA3-AA59235E0759}.Release|x86.Build.0 = Release|Any CPU
		{09B1683D-D97F-4BA6-8DA3-59D69DA57B8A}.Debug|Any CPU.ActiveCfg = Debug|Any CPU
		{09B1683D-D97F-4BA6-8DA3-59D69DA57B8A}.Debug|Any CPU.Build.0 = Debug|Any CPU
		{09B1683D-D97F-4BA6-8DA3-59D69DA57B8A}.Debug|x64.ActiveCfg = Debug|Any CPU
		{09B1683D-D97F-4BA6-8DA3-59D69DA57B8A}.Debug|x64.Build.0 = Debug|Any CPU
		{09B1683D-D97F-4BA6-8DA3-59D69DA57B8A}.Debug|x86.ActiveCfg = Debug|Any CPU
		{09B1683D-D97F-4BA6-8DA3-59D69DA57B8A}.Debug|x86.Build.0 = Debug|Any CPU
		{09B1683D-D97F-4BA6-8DA3-59D69DA57B8A}.Release|Any CPU.ActiveCfg = Release|Any CPU
		{09B1683D-D97F-4BA6-8DA3-59D69DA57B8A}.Release|Any CPU.Build.0 = Release|Any CPU
		{09B1683D-D97F-4BA6-8DA3-59D69DA57B8A}.Release|x64.ActiveCfg = Release|Any CPU
		{09B1683D-D97F-4BA6-8DA3-59D69DA57B8A}.Release|x64.Build.0 = Release|Any CPU
		{09B1683D-D97F-4BA6-8DA3-59D69DA57B8A}.Release|x86.ActiveCfg = Release|Any CPU
		{09B1683D-D97F-4BA6-8DA3-59D69DA57B8A}.Release|x86.Build.0 = Release|Any CPU
		{3559C5CF-DBE4-44B5-884F-D1BCE2826886}.Debug|Any CPU.ActiveCfg = Debug|Any CPU
		{3559C5CF-DBE4-44B5-884F-D1BCE2826886}.Debug|Any CPU.Build.0 = Debug|Any CPU
		{3559C5CF-DBE4-44B5-884F-D1BCE2826886}.Debug|x64.ActiveCfg = Debug|Any CPU
		{3559C5CF-DBE4-44B5-884F-D1BCE2826886}.Debug|x64.Build.0 = Debug|Any CPU
		{3559C5CF-DBE4-44B5-884F-D1BCE2826886}.Debug|x86.ActiveCfg = Debug|Any CPU
		{3559C5CF-DBE4-44B5-884F-D1BCE2826886}.Debug|x86.Build.0 = Debug|Any CPU
		{3559C5CF-DBE4-44B5-884F-D1BCE2826886}.Release|Any CPU.ActiveCfg = Release|Any CPU
		{3559C5CF-DBE4-44B5-884F-D1BCE2826886}.Release|Any CPU.Build.0 = Release|Any CPU
		{3559C5CF-DBE4-44B5-884F-D1BCE2826886}.Release|x64.ActiveCfg = Release|Any CPU
		{3559C5CF-DBE4-44B5-884F-D1BCE2826886}.Release|x64.Build.0 = Release|Any CPU
		{3559C5CF-DBE4-44B5-884F-D1BCE2826886}.Release|x86.ActiveCfg = Release|Any CPU
		{3559C5CF-DBE4-44B5-884F-D1BCE2826886}.Release|x86.Build.0 = Release|Any CPU
		{E6764D9A-8B89-4C5B-A590-2ACEB21C1B65}.Debug|Any CPU.ActiveCfg = Debug|Any CPU
		{E6764D9A-8B89-4C5B-A590-2ACEB21C1B65}.Debug|Any CPU.Build.0 = Debug|Any CPU
		{E6764D9A-8B89-4C5B-A590-2ACEB21C1B65}.Debug|x64.ActiveCfg = Debug|Any CPU
		{E6764D9A-8B89-4C5B-A590-2ACEB21C1B65}.Debug|x64.Build.0 = Debug|Any CPU
		{E6764D9A-8B89-4C5B-A590-2ACEB21C1B65}.Debug|x86.ActiveCfg = Debug|Any CPU
		{E6764D9A-8B89-4C5B-A590-2ACEB21C1B65}.Debug|x86.Build.0 = Debug|Any CPU
		{E6764D9A-8B89-4C5B-A590-2ACEB21C1B65}.Release|Any CPU.ActiveCfg = Release|Any CPU
		{E6764D9A-8B89-4C5B-A590-2ACEB21C1B65}.Release|Any CPU.Build.0 = Release|Any CPU
		{E6764D9A-8B89-4C5B-A590-2ACEB21C1B65}.Release|x64.ActiveCfg = Release|Any CPU
		{E6764D9A-8B89-4C5B-A590-2ACEB21C1B65}.Release|x64.Build.0 = Release|Any CPU
		{E6764D9A-8B89-4C5B-A590-2ACEB21C1B65}.Release|x86.ActiveCfg = Release|Any CPU
		{E6764D9A-8B89-4C5B-A590-2ACEB21C1B65}.Release|x86.Build.0 = Release|Any CPU
		{C2B92AE7-7008-4DE4-8B6A-99829D4546C9}.Debug|Any CPU.ActiveCfg = Debug|Any CPU
		{C2B92AE7-7008-4DE4-8B6A-99829D4546C9}.Debug|Any CPU.Build.0 = Debug|Any CPU
		{C2B92AE7-7008-4DE4-8B6A-99829D4546C9}.Debug|x64.ActiveCfg = Debug|Any CPU
		{C2B92AE7-7008-4DE4-8B6A-99829D4546C9}.Debug|x64.Build.0 = Debug|Any CPU
		{C2B92AE7-7008-4DE4-8B6A-99829D4546C9}.Debug|x86.ActiveCfg = Debug|Any CPU
		{C2B92AE7-7008-4DE4-8B6A-99829D4546C9}.Debug|x86.Build.0 = Debug|Any CPU
		{C2B92AE7-7008-4DE4-8B6A-99829D4546C9}.Release|Any CPU.ActiveCfg = Release|Any CPU
		{C2B92AE7-7008-4DE4-8B6A-99829D4546C9}.Release|Any CPU.Build.0 = Release|Any CPU
		{C2B92AE7-7008-4DE4-8B6A-99829D4546C9}.Release|x64.ActiveCfg = Release|Any CPU
		{C2B92AE7-7008-4DE4-8B6A-99829D4546C9}.Release|x64.Build.0 = Release|Any CPU
		{C2B92AE7-7008-4DE4-8B6A-99829D4546C9}.Release|x86.ActiveCfg = Release|Any CPU
		{C2B92AE7-7008-4DE4-8B6A-99829D4546C9}.Release|x86.Build.0 = Release|Any CPU
		{691DA81B-C7F5-4428-82ED-6889FC375B20}.Debug|Any CPU.ActiveCfg = Debug|Any CPU
		{691DA81B-C7F5-4428-82ED-6889FC375B20}.Debug|Any CPU.Build.0 = Debug|Any CPU
		{691DA81B-C7F5-4428-82ED-6889FC375B20}.Debug|x64.ActiveCfg = Debug|Any CPU
		{691DA81B-C7F5-4428-82ED-6889FC375B20}.Debug|x64.Build.0 = Debug|Any CPU
		{691DA81B-C7F5-4428-82ED-6889FC375B20}.Debug|x86.ActiveCfg = Debug|Any CPU
		{691DA81B-C7F5-4428-82ED-6889FC375B20}.Debug|x86.Build.0 = Debug|Any CPU
		{691DA81B-C7F5-4428-82ED-6889FC375B20}.Release|Any CPU.ActiveCfg = Release|Any CPU
		{691DA81B-C7F5-4428-82ED-6889FC375B20}.Release|Any CPU.Build.0 = Release|Any CPU
		{691DA81B-C7F5-4428-82ED-6889FC375B20}.Release|x64.ActiveCfg = Release|Any CPU
		{691DA81B-C7F5-4428-82ED-6889FC375B20}.Release|x64.Build.0 = Release|Any CPU
		{691DA81B-C7F5-4428-82ED-6889FC375B20}.Release|x86.ActiveCfg = Release|Any CPU
		{691DA81B-C7F5-4428-82ED-6889FC375B20}.Release|x86.Build.0 = Release|Any CPU
		{9BD34B3C-4E0F-48D9-95DF-9AD468759064}.Debug|Any CPU.ActiveCfg = Debug|Any CPU
		{9BD34B3C-4E0F-48D9-95DF-9AD468759064}.Debug|Any CPU.Build.0 = Debug|Any CPU
		{9BD34B3C-4E0F-48D9-95DF-9AD468759064}.Debug|x64.ActiveCfg = Debug|Any CPU
		{9BD34B3C-4E0F-48D9-95DF-9AD468759064}.Debug|x64.Build.0 = Debug|Any CPU
		{9BD34B3C-4E0F-48D9-95DF-9AD468759064}.Debug|x86.ActiveCfg = Debug|Any CPU
		{9BD34B3C-4E0F-48D9-95DF-9AD468759064}.Debug|x86.Build.0 = Debug|Any CPU
		{9BD34B3C-4E0F-48D9-95DF-9AD468759064}.Release|Any CPU.ActiveCfg = Release|Any CPU
		{9BD34B3C-4E0F-48D9-95DF-9AD468759064}.Release|Any CPU.Build.0 = Release|Any CPU
		{9BD34B3C-4E0F-48D9-95DF-9AD468759064}.Release|x64.ActiveCfg = Release|Any CPU
		{9BD34B3C-4E0F-48D9-95DF-9AD468759064}.Release|x64.Build.0 = Release|Any CPU
		{9BD34B3C-4E0F-48D9-95DF-9AD468759064}.Release|x86.ActiveCfg = Release|Any CPU
		{9BD34B3C-4E0F-48D9-95DF-9AD468759064}.Release|x86.Build.0 = Release|Any CPU
		{1B9E218C-B433-46B1-9AB1-D0522DE99F78}.Debug|Any CPU.ActiveCfg = Debug|Any CPU
		{1B9E218C-B433-46B1-9AB1-D0522DE99F78}.Debug|Any CPU.Build.0 = Debug|Any CPU
		{1B9E218C-B433-46B1-9AB1-D0522DE99F78}.Debug|x64.ActiveCfg = Debug|Any CPU
		{1B9E218C-B433-46B1-9AB1-D0522DE99F78}.Debug|x64.Build.0 = Debug|Any CPU
		{1B9E218C-B433-46B1-9AB1-D0522DE99F78}.Debug|x86.ActiveCfg = Debug|Any CPU
		{1B9E218C-B433-46B1-9AB1-D0522DE99F78}.Debug|x86.Build.0 = Debug|Any CPU
		{1B9E218C-B433-46B1-9AB1-D0522DE99F78}.Release|Any CPU.ActiveCfg = Release|Any CPU
		{1B9E218C-B433-46B1-9AB1-D0522DE99F78}.Release|Any CPU.Build.0 = Release|Any CPU
		{1B9E218C-B433-46B1-9AB1-D0522DE99F78}.Release|x64.ActiveCfg = Release|Any CPU
		{1B9E218C-B433-46B1-9AB1-D0522DE99F78}.Release|x64.Build.0 = Release|Any CPU
		{1B9E218C-B433-46B1-9AB1-D0522DE99F78}.Release|x86.ActiveCfg = Release|Any CPU
		{1B9E218C-B433-46B1-9AB1-D0522DE99F78}.Release|x86.Build.0 = Release|Any CPU
		{74ED204D-C567-4A2A-BBF4-379FD6649161}.Debug|Any CPU.ActiveCfg = Debug|Any CPU
		{74ED204D-C567-4A2A-BBF4-379FD6649161}.Debug|Any CPU.Build.0 = Debug|Any CPU
		{74ED204D-C567-4A2A-BBF4-379FD6649161}.Debug|x64.ActiveCfg = Debug|Any CPU
		{74ED204D-C567-4A2A-BBF4-379FD6649161}.Debug|x64.Build.0 = Debug|Any CPU
		{74ED204D-C567-4A2A-BBF4-379FD6649161}.Debug|x86.ActiveCfg = Debug|Any CPU
		{74ED204D-C567-4A2A-BBF4-379FD6649161}.Debug|x86.Build.0 = Debug|Any CPU
		{74ED204D-C567-4A2A-BBF4-379FD6649161}.Release|Any CPU.ActiveCfg = Release|Any CPU
		{74ED204D-C567-4A2A-BBF4-379FD6649161}.Release|Any CPU.Build.0 = Release|Any CPU
		{74ED204D-C567-4A2A-BBF4-379FD6649161}.Release|x64.ActiveCfg = Release|Any CPU
		{74ED204D-C567-4A2A-BBF4-379FD6649161}.Release|x64.Build.0 = Release|Any CPU
		{74ED204D-C567-4A2A-BBF4-379FD6649161}.Release|x86.ActiveCfg = Release|Any CPU
		{74ED204D-C567-4A2A-BBF4-379FD6649161}.Release|x86.Build.0 = Release|Any CPU
		{87EE073D-8097-4E2B-A7DD-E92F0CB53D92}.Debug|Any CPU.ActiveCfg = Debug|Any CPU
		{87EE073D-8097-4E2B-A7DD-E92F0CB53D92}.Debug|Any CPU.Build.0 = Debug|Any CPU
		{87EE073D-8097-4E2B-A7DD-E92F0CB53D92}.Debug|x64.ActiveCfg = Debug|Any CPU
		{87EE073D-8097-4E2B-A7DD-E92F0CB53D92}.Debug|x64.Build.0 = Debug|Any CPU
		{87EE073D-8097-4E2B-A7DD-E92F0CB53D92}.Debug|x86.ActiveCfg = Debug|Any CPU
		{87EE073D-8097-4E2B-A7DD-E92F0CB53D92}.Debug|x86.Build.0 = Debug|Any CPU
		{87EE073D-8097-4E2B-A7DD-E92F0CB53D92}.Release|Any CPU.ActiveCfg = Release|Any CPU
		{87EE073D-8097-4E2B-A7DD-E92F0CB53D92}.Release|Any CPU.Build.0 = Release|Any CPU
		{87EE073D-8097-4E2B-A7DD-E92F0CB53D92}.Release|x64.ActiveCfg = Release|Any CPU
		{87EE073D-8097-4E2B-A7DD-E92F0CB53D92}.Release|x64.Build.0 = Release|Any CPU
		{87EE073D-8097-4E2B-A7DD-E92F0CB53D92}.Release|x86.ActiveCfg = Release|Any CPU
		{87EE073D-8097-4E2B-A7DD-E92F0CB53D92}.Release|x86.Build.0 = Release|Any CPU
		{04DD7B2A-BCCE-4F95-B14B-27EFB4C5278E}.Debug|Any CPU.ActiveCfg = Debug|Any CPU
		{04DD7B2A-BCCE-4F95-B14B-27EFB4C5278E}.Debug|Any CPU.Build.0 = Debug|Any CPU
		{04DD7B2A-BCCE-4F95-B14B-27EFB4C5278E}.Debug|x64.ActiveCfg = Debug|Any CPU
		{04DD7B2A-BCCE-4F95-B14B-27EFB4C5278E}.Debug|x64.Build.0 = Debug|Any CPU
		{04DD7B2A-BCCE-4F95-B14B-27EFB4C5278E}.Debug|x86.ActiveCfg = Debug|Any CPU
		{04DD7B2A-BCCE-4F95-B14B-27EFB4C5278E}.Debug|x86.Build.0 = Debug|Any CPU
		{04DD7B2A-BCCE-4F95-B14B-27EFB4C5278E}.Release|Any CPU.ActiveCfg = Release|Any CPU
		{04DD7B2A-BCCE-4F95-B14B-27EFB4C5278E}.Release|Any CPU.Build.0 = Release|Any CPU
		{04DD7B2A-BCCE-4F95-B14B-27EFB4C5278E}.Release|x64.ActiveCfg = Release|Any CPU
		{04DD7B2A-BCCE-4F95-B14B-27EFB4C5278E}.Release|x64.Build.0 = Release|Any CPU
		{04DD7B2A-BCCE-4F95-B14B-27EFB4C5278E}.Release|x86.ActiveCfg = Release|Any CPU
		{04DD7B2A-BCCE-4F95-B14B-27EFB4C5278E}.Release|x86.Build.0 = Release|Any CPU
		{9198FB19-EAB1-4F88-B704-538F036471F5}.Debug|Any CPU.ActiveCfg = Debug|Any CPU
		{9198FB19-EAB1-4F88-B704-538F036471F5}.Debug|Any CPU.Build.0 = Debug|Any CPU
		{9198FB19-EAB1-4F88-B704-538F036471F5}.Debug|x64.ActiveCfg = Debug|Any CPU
		{9198FB19-EAB1-4F88-B704-538F036471F5}.Debug|x64.Build.0 = Debug|Any CPU
		{9198FB19-EAB1-4F88-B704-538F036471F5}.Debug|x86.ActiveCfg = Debug|Any CPU
		{9198FB19-EAB1-4F88-B704-538F036471F5}.Debug|x86.Build.0 = Debug|Any CPU
		{9198FB19-EAB1-4F88-B704-538F036471F5}.Release|Any CPU.ActiveCfg = Release|Any CPU
		{9198FB19-EAB1-4F88-B704-538F036471F5}.Release|Any CPU.Build.0 = Release|Any CPU
		{9198FB19-EAB1-4F88-B704-538F036471F5}.Release|x64.ActiveCfg = Release|Any CPU
		{9198FB19-EAB1-4F88-B704-538F036471F5}.Release|x64.Build.0 = Release|Any CPU
		{9198FB19-EAB1-4F88-B704-538F036471F5}.Release|x86.ActiveCfg = Release|Any CPU
		{9198FB19-EAB1-4F88-B704-538F036471F5}.Release|x86.Build.0 = Release|Any CPU
		{5488ABD9-F91A-4234-96F8-7AEA2CC77B0E}.Debug|Any CPU.ActiveCfg = Debug|Any CPU
		{5488ABD9-F91A-4234-96F8-7AEA2CC77B0E}.Debug|Any CPU.Build.0 = Debug|Any CPU
		{5488ABD9-F91A-4234-96F8-7AEA2CC77B0E}.Debug|x64.ActiveCfg = Debug|Any CPU
		{5488ABD9-F91A-4234-96F8-7AEA2CC77B0E}.Debug|x64.Build.0 = Debug|Any CPU
		{5488ABD9-F91A-4234-96F8-7AEA2CC77B0E}.Debug|x86.ActiveCfg = Debug|Any CPU
		{5488ABD9-F91A-4234-96F8-7AEA2CC77B0E}.Debug|x86.Build.0 = Debug|Any CPU
		{5488ABD9-F91A-4234-96F8-7AEA2CC77B0E}.Release|Any CPU.ActiveCfg = Release|Any CPU
		{5488ABD9-F91A-4234-96F8-7AEA2CC77B0E}.Release|Any CPU.Build.0 = Release|Any CPU
		{5488ABD9-F91A-4234-96F8-7AEA2CC77B0E}.Release|x64.ActiveCfg = Release|Any CPU
		{5488ABD9-F91A-4234-96F8-7AEA2CC77B0E}.Release|x64.Build.0 = Release|Any CPU
		{5488ABD9-F91A-4234-96F8-7AEA2CC77B0E}.Release|x86.ActiveCfg = Release|Any CPU
		{5488ABD9-F91A-4234-96F8-7AEA2CC77B0E}.Release|x86.Build.0 = Release|Any CPU
		{E7F858C0-C716-4DDB-A797-CF80FE663F67}.Debug|Any CPU.ActiveCfg = Debug|Any CPU
		{E7F858C0-C716-4DDB-A797-CF80FE663F67}.Debug|Any CPU.Build.0 = Debug|Any CPU
		{E7F858C0-C716-4DDB-A797-CF80FE663F67}.Debug|x64.ActiveCfg = Debug|Any CPU
		{E7F858C0-C716-4DDB-A797-CF80FE663F67}.Debug|x64.Build.0 = Debug|Any CPU
		{E7F858C0-C716-4DDB-A797-CF80FE663F67}.Debug|x86.ActiveCfg = Debug|Any CPU
		{E7F858C0-C716-4DDB-A797-CF80FE663F67}.Debug|x86.Build.0 = Debug|Any CPU
		{E7F858C0-C716-4DDB-A797-CF80FE663F67}.Release|Any CPU.ActiveCfg = Release|Any CPU
		{E7F858C0-C716-4DDB-A797-CF80FE663F67}.Release|Any CPU.Build.0 = Release|Any CPU
		{E7F858C0-C716-4DDB-A797-CF80FE663F67}.Release|x64.ActiveCfg = Release|Any CPU
		{E7F858C0-C716-4DDB-A797-CF80FE663F67}.Release|x64.Build.0 = Release|Any CPU
		{E7F858C0-C716-4DDB-A797-CF80FE663F67}.Release|x86.ActiveCfg = Release|Any CPU
		{E7F858C0-C716-4DDB-A797-CF80FE663F67}.Release|x86.Build.0 = Release|Any CPU
		{9A4C5A46-55BB-4A3C-969A-1BF1322D6657}.Debug|Any CPU.ActiveCfg = Debug|Any CPU
		{9A4C5A46-55BB-4A3C-969A-1BF1322D6657}.Debug|Any CPU.Build.0 = Debug|Any CPU
		{9A4C5A46-55BB-4A3C-969A-1BF1322D6657}.Debug|x64.ActiveCfg = Debug|Any CPU
		{9A4C5A46-55BB-4A3C-969A-1BF1322D6657}.Debug|x64.Build.0 = Debug|Any CPU
		{9A4C5A46-55BB-4A3C-969A-1BF1322D6657}.Debug|x86.ActiveCfg = Debug|Any CPU
		{9A4C5A46-55BB-4A3C-969A-1BF1322D6657}.Debug|x86.Build.0 = Debug|Any CPU
		{9A4C5A46-55BB-4A3C-969A-1BF1322D6657}.Release|Any CPU.ActiveCfg = Release|Any CPU
		{9A4C5A46-55BB-4A3C-969A-1BF1322D6657}.Release|Any CPU.Build.0 = Release|Any CPU
		{9A4C5A46-55BB-4A3C-969A-1BF1322D6657}.Release|x64.ActiveCfg = Release|Any CPU
		{9A4C5A46-55BB-4A3C-969A-1BF1322D6657}.Release|x64.Build.0 = Release|Any CPU
		{9A4C5A46-55BB-4A3C-969A-1BF1322D6657}.Release|x86.ActiveCfg = Release|Any CPU
		{9A4C5A46-55BB-4A3C-969A-1BF1322D6657}.Release|x86.Build.0 = Release|Any CPU
		{D8B51C7C-018B-4A98-908D-3FDE7051C9AE}.Debug|Any CPU.ActiveCfg = Debug|Any CPU
		{D8B51C7C-018B-4A98-908D-3FDE7051C9AE}.Debug|Any CPU.Build.0 = Debug|Any CPU
		{D8B51C7C-018B-4A98-908D-3FDE7051C9AE}.Debug|x64.ActiveCfg = Debug|Any CPU
		{D8B51C7C-018B-4A98-908D-3FDE7051C9AE}.Debug|x64.Build.0 = Debug|Any CPU
		{D8B51C7C-018B-4A98-908D-3FDE7051C9AE}.Debug|x86.ActiveCfg = Debug|Any CPU
		{D8B51C7C-018B-4A98-908D-3FDE7051C9AE}.Debug|x86.Build.0 = Debug|Any CPU
		{D8B51C7C-018B-4A98-908D-3FDE7051C9AE}.Release|Any CPU.ActiveCfg = Release|Any CPU
		{D8B51C7C-018B-4A98-908D-3FDE7051C9AE}.Release|Any CPU.Build.0 = Release|Any CPU
		{D8B51C7C-018B-4A98-908D-3FDE7051C9AE}.Release|x64.ActiveCfg = Release|Any CPU
		{D8B51C7C-018B-4A98-908D-3FDE7051C9AE}.Release|x64.Build.0 = Release|Any CPU
		{D8B51C7C-018B-4A98-908D-3FDE7051C9AE}.Release|x86.ActiveCfg = Release|Any CPU
		{D8B51C7C-018B-4A98-908D-3FDE7051C9AE}.Release|x86.Build.0 = Release|Any CPU
		{AB07D2C9-95AE-4D1F-8BC1-D7F7D120D73F}.Debug|Any CPU.ActiveCfg = Debug|Any CPU
		{AB07D2C9-95AE-4D1F-8BC1-D7F7D120D73F}.Debug|Any CPU.Build.0 = Debug|Any CPU
		{AB07D2C9-95AE-4D1F-8BC1-D7F7D120D73F}.Debug|x64.ActiveCfg = Debug|Any CPU
		{AB07D2C9-95AE-4D1F-8BC1-D7F7D120D73F}.Debug|x64.Build.0 = Debug|Any CPU
		{AB07D2C9-95AE-4D1F-8BC1-D7F7D120D73F}.Debug|x86.ActiveCfg = Debug|Any CPU
		{AB07D2C9-95AE-4D1F-8BC1-D7F7D120D73F}.Debug|x86.Build.0 = Debug|Any CPU
		{AB07D2C9-95AE-4D1F-8BC1-D7F7D120D73F}.Release|Any CPU.ActiveCfg = Release|Any CPU
		{AB07D2C9-95AE-4D1F-8BC1-D7F7D120D73F}.Release|Any CPU.Build.0 = Release|Any CPU
		{AB07D2C9-95AE-4D1F-8BC1-D7F7D120D73F}.Release|x64.ActiveCfg = Release|Any CPU
		{AB07D2C9-95AE-4D1F-8BC1-D7F7D120D73F}.Release|x64.Build.0 = Release|Any CPU
		{AB07D2C9-95AE-4D1F-8BC1-D7F7D120D73F}.Release|x86.ActiveCfg = Release|Any CPU
		{AB07D2C9-95AE-4D1F-8BC1-D7F7D120D73F}.Release|x86.Build.0 = Release|Any CPU
		{9721F447-C648-496E-8560-676CBA7322DB}.Debug|Any CPU.ActiveCfg = Debug|Any CPU
		{9721F447-C648-496E-8560-676CBA7322DB}.Debug|Any CPU.Build.0 = Debug|Any CPU
		{9721F447-C648-496E-8560-676CBA7322DB}.Debug|x64.ActiveCfg = Debug|Any CPU
		{9721F447-C648-496E-8560-676CBA7322DB}.Debug|x64.Build.0 = Debug|Any CPU
		{9721F447-C648-496E-8560-676CBA7322DB}.Debug|x86.ActiveCfg = Debug|Any CPU
		{9721F447-C648-496E-8560-676CBA7322DB}.Debug|x86.Build.0 = Debug|Any CPU
		{9721F447-C648-496E-8560-676CBA7322DB}.Release|Any CPU.ActiveCfg = Release|Any CPU
		{9721F447-C648-496E-8560-676CBA7322DB}.Release|Any CPU.Build.0 = Release|Any CPU
		{9721F447-C648-496E-8560-676CBA7322DB}.Release|x64.ActiveCfg = Release|Any CPU
		{9721F447-C648-496E-8560-676CBA7322DB}.Release|x64.Build.0 = Release|Any CPU
		{9721F447-C648-496E-8560-676CBA7322DB}.Release|x86.ActiveCfg = Release|Any CPU
		{9721F447-C648-496E-8560-676CBA7322DB}.Release|x86.Build.0 = Release|Any CPU
		{CEF207E8-930D-4D69-BF1C-D2634BFDBF03}.Debug|Any CPU.ActiveCfg = Debug|Any CPU
		{CEF207E8-930D-4D69-BF1C-D2634BFDBF03}.Debug|Any CPU.Build.0 = Debug|Any CPU
		{CEF207E8-930D-4D69-BF1C-D2634BFDBF03}.Debug|x64.ActiveCfg = Debug|Any CPU
		{CEF207E8-930D-4D69-BF1C-D2634BFDBF03}.Debug|x64.Build.0 = Debug|Any CPU
		{CEF207E8-930D-4D69-BF1C-D2634BFDBF03}.Debug|x86.ActiveCfg = Debug|Any CPU
		{CEF207E8-930D-4D69-BF1C-D2634BFDBF03}.Debug|x86.Build.0 = Debug|Any CPU
		{CEF207E8-930D-4D69-BF1C-D2634BFDBF03}.Release|Any CPU.ActiveCfg = Release|Any CPU
		{CEF207E8-930D-4D69-BF1C-D2634BFDBF03}.Release|Any CPU.Build.0 = Release|Any CPU
		{CEF207E8-930D-4D69-BF1C-D2634BFDBF03}.Release|x64.ActiveCfg = Release|Any CPU
		{CEF207E8-930D-4D69-BF1C-D2634BFDBF03}.Release|x64.Build.0 = Release|Any CPU
		{CEF207E8-930D-4D69-BF1C-D2634BFDBF03}.Release|x86.ActiveCfg = Release|Any CPU
		{CEF207E8-930D-4D69-BF1C-D2634BFDBF03}.Release|x86.Build.0 = Release|Any CPU
	EndGlobalSection
	GlobalSection(SolutionProperties) = preSolution
		HideSolutionNode = FALSE
	EndGlobalSection
	GlobalSection(NestedProjects) = preSolution
		{0D40490C-1925-4DC5-A008-92198305F042} = {827E0CD3-B72D-47B6-A68D-7590B98EB39B}
		{4D02F64C-28C8-42BA-8085-8A6F22602646} = {827E0CD3-B72D-47B6-A68D-7590B98EB39B}
		{88884076-C424-41DF-A603-4E8444E44F0D} = {827E0CD3-B72D-47B6-A68D-7590B98EB39B}
		{C321C080-0397-43C0-A981-067DE43A8D08} = {0AB3BF05-4346-4AA6-1389-037BE0695223}
		{B468B781-2033-4D2C-8A85-E679902F3599} = {5D20AA90-6969-D8BD-9DCD-8634F4692FDA}
		{CAC5848E-FE27-46C3-9D25-AEE0A5C173F5} = {827E0CD3-B72D-47B6-A68D-7590B98EB39B}
		{2D5D80E3-9339-4507-8761-F95BC15C6BA5} = {5D20AA90-6969-D8BD-9DCD-8634F4692FDA}
		{60E615BE-B659-4151-86D5-59F51AC19A8A} = {5D20AA90-6969-D8BD-9DCD-8634F4692FDA}
		{1CD82039-2137-4F6C-BA0F-9C99190DD85C} = {0AB3BF05-4346-4AA6-1389-037BE0695223}
		{7ABBF3C6-A802-4D0C-9D6B-0BE6159783AA} = {66320409-64EC-F7C5-3DEF-65E7510DAAD1}
		{5C685573-7900-4FAE-8AD1-A15A535B5454} = {66320409-64EC-F7C5-3DEF-65E7510DAAD1}
		{F94A51B3-E5F6-4B60-80D9-DDA1309814C8} = {827E0CD3-B72D-47B6-A68D-7590B98EB39B}
		{6D8F0646-4EB6-4ED8-B026-A4FBBC7C0C4D} = {827E0CD3-B72D-47B6-A68D-7590B98EB39B}
		{F1FA358E-AFA4-4FE4-A0C6-8588D33B30F4} = {827E0CD3-B72D-47B6-A68D-7590B98EB39B}
		{3BE05289-31FB-445B-8FA3-AA59235E0759} = {827E0CD3-B72D-47B6-A68D-7590B98EB39B}
		{09B1683D-D97F-4BA6-8DA3-59D69DA57B8A} = {827E0CD3-B72D-47B6-A68D-7590B98EB39B}
		{3559C5CF-DBE4-44B5-884F-D1BCE2826886} = {827E0CD3-B72D-47B6-A68D-7590B98EB39B}
		{E6764D9A-8B89-4C5B-A590-2ACEB21C1B65} = {827E0CD3-B72D-47B6-A68D-7590B98EB39B}
		{C2B92AE7-7008-4DE4-8B6A-99829D4546C9} = {827E0CD3-B72D-47B6-A68D-7590B98EB39B}
		{691DA81B-C7F5-4428-82ED-6889FC375B20} = {827E0CD3-B72D-47B6-A68D-7590B98EB39B}
		{9BD34B3C-4E0F-48D9-95DF-9AD468759064} = {827E0CD3-B72D-47B6-A68D-7590B98EB39B}
		{1B9E218C-B433-46B1-9AB1-D0522DE99F78} = {827E0CD3-B72D-47B6-A68D-7590B98EB39B}
		{74ED204D-C567-4A2A-BBF4-379FD6649161} = {827E0CD3-B72D-47B6-A68D-7590B98EB39B}
		{87EE073D-8097-4E2B-A7DD-E92F0CB53D92} = {827E0CD3-B72D-47B6-A68D-7590B98EB39B}
		{04DD7B2A-BCCE-4F95-B14B-27EFB4C5278E} = {827E0CD3-B72D-47B6-A68D-7590B98EB39B}
		{9198FB19-EAB1-4F88-B704-538F036471F5} = {827E0CD3-B72D-47B6-A68D-7590B98EB39B}
		{5488ABD9-F91A-4234-96F8-7AEA2CC77B0E} = {827E0CD3-B72D-47B6-A68D-7590B98EB39B}
		{E7F858C0-C716-4DDB-A797-CF80FE663F67} = {827E0CD3-B72D-47B6-A68D-7590B98EB39B}
		{9A4C5A46-55BB-4A3C-969A-1BF1322D6657} = {827E0CD3-B72D-47B6-A68D-7590B98EB39B}
		{D8B51C7C-018B-4A98-908D-3FDE7051C9AE} = {827E0CD3-B72D-47B6-A68D-7590B98EB39B}
		{AB07D2C9-95AE-4D1F-8BC1-D7F7D120D73F} = {827E0CD3-B72D-47B6-A68D-7590B98EB39B}
		{9721F447-C648-496E-8560-676CBA7322DB} = {827E0CD3-B72D-47B6-A68D-7590B98EB39B}
		{CEF207E8-930D-4D69-BF1C-D2634BFDBF03} = {827E0CD3-B72D-47B6-A68D-7590B98EB39B}
	EndGlobalSection
EndGlobal
